// !$*UTF8*$!
{
	archiveVersion = 1;
	classes = {
	};
	objectVersion = 55;
	objects = {

/* Begin PBXBuildFile section */
		0007F1CF280A3CED00C84AA0 /* UserSettingVC.swift in Sources */ = {isa = PBXBuildFile; fileRef = 0007F1CE280A3CED00C84AA0 /* UserSettingVC.swift */; };
		0007F1D3280A413900C84AA0 /* UserSettingCell.swift in Sources */ = {isa = PBXBuildFile; fileRef = 0007F1D2280A413900C84AA0 /* UserSettingCell.swift */; };
		0C652C40F9A52E3AD8573907 /* Pods_CovidPass.framework in Frameworks */ = {isa = PBXBuildFile; fileRef = 2AD4E0195F991CCA6A1F4D98 /* Pods_CovidPass.framework */; };
		32DC4F65D0B38333F5F53022 /* Pods_CovidPassTests.framework in Frameworks */ = {isa = PBXBuildFile; fileRef = 31FE516C353F467116B83016 /* Pods_CovidPassTests.framework */; };
		3F6DEF37280A77E4008D4FD7 /* ProfileEditController.swift in Sources */ = {isa = PBXBuildFile; fileRef = 3F6DEF36280A77E4008D4FD7 /* ProfileEditController.swift */; };
		B64BAAC127FD014900057FB2 /* UserHomeVC.swift in Sources */ = {isa = PBXBuildFile; fileRef = B64BAAC027FD014900057FB2 /* UserHomeVC.swift */; };
		B64BAAC327FD015400057FB2 /* LoginViewController.swift in Sources */ = {isa = PBXBuildFile; fileRef = B64BAAC227FD015400057FB2 /* LoginViewController.swift */; };
		B64BAAC527FD015D00057FB2 /* UserHistoryVC.swift in Sources */ = {isa = PBXBuildFile; fileRef = B64BAAC427FD015D00057FB2 /* UserHistoryVC.swift */; };
		B64BAAC727FD016600057FB2 /* UserProfileVC.swift in Sources */ = {isa = PBXBuildFile; fileRef = B64BAAC627FD016600057FB2 /* UserProfileVC.swift */; };
		B64BAAC927FD06F200057FB2 /* UserHistoryCell.swift in Sources */ = {isa = PBXBuildFile; fileRef = B64BAAC827FD06F200057FB2 /* UserHistoryCell.swift */; };
		B65B30EE27FF9C1700E7A90D /* SignupTypeVC.swift in Sources */ = {isa = PBXBuildFile; fileRef = B65B30ED27FF9C1700E7A90D /* SignupTypeVC.swift */; };
		B65B30F027FF9DB700E7A90D /* SignupUsernameVC.swift in Sources */ = {isa = PBXBuildFile; fileRef = B65B30EF27FF9DB700E7A90D /* SignupUsernameVC.swift */; };
		B65B30F227FF9EA100E7A90D /* SignupPasswordVC.swift in Sources */ = {isa = PBXBuildFile; fileRef = B65B30F127FF9EA100E7A90D /* SignupPasswordVC.swift */; };
		B65B30F427FFA6AB00E7A90D /* LocationSettingVC.swift in Sources */ = {isa = PBXBuildFile; fileRef = B65B30F327FFA6AB00E7A90D /* LocationSettingVC.swift */; };
		B6A3E2AF280A5B0600CEBB16 /* LocationHistoryVC.swift in Sources */ = {isa = PBXBuildFile; fileRef = B6A3E2AE280A5B0600CEBB16 /* LocationHistoryVC.swift */; };
		B6A645932812A11D00A5C682 /* LocationHistoryCell.swift in Sources */ = {isa = PBXBuildFile; fileRef = B6A645922812A11D00A5C682 /* LocationHistoryCell.swift */; };
		B6A645952813B6E500A5C682 /* TabBarViewController.swift in Sources */ = {isa = PBXBuildFile; fileRef = B6A645942813B6E500A5C682 /* TabBarViewController.swift */; };
		B6E428F52811381A00261F82 /* SignupUserVC.swift in Sources */ = {isa = PBXBuildFile; fileRef = B6E428F42811381A00261F82 /* SignupUserVC.swift */; };
		BEAABC5DE759E9270F14D7B1 /* Pods_CovidPass_CovidPassUITests.framework in Frameworks */ = {isa = PBXBuildFile; fileRef = A8437E20507CA3FE0CC911FC /* Pods_CovidPass_CovidPassUITests.framework */; };
		C733D68B2811E4A700CE5C63 /* LocationFAQViewController.swift in Sources */ = {isa = PBXBuildFile; fileRef = C733D68A2811E4A700CE5C63 /* LocationFAQViewController.swift */; };
		C748E1A428000889005AB168 /* LocationCodeVC.swift in Sources */ = {isa = PBXBuildFile; fileRef = C748E1A328000889005AB168 /* LocationCodeVC.swift */; };
		C7692EB627F8D081007831FC /* AppDelegate.swift in Sources */ = {isa = PBXBuildFile; fileRef = C7692EB527F8D081007831FC /* AppDelegate.swift */; };
		C7692EB827F8D081007831FC /* SceneDelegate.swift in Sources */ = {isa = PBXBuildFile; fileRef = C7692EB727F8D081007831FC /* SceneDelegate.swift */; };
		C7692EBD27F8D081007831FC /* Main.storyboard in Resources */ = {isa = PBXBuildFile; fileRef = C7692EBB27F8D081007831FC /* Main.storyboard */; };
		C7692EBF27F8D084007831FC /* Assets.xcassets in Resources */ = {isa = PBXBuildFile; fileRef = C7692EBE27F8D084007831FC /* Assets.xcassets */; };
		C7692EC227F8D084007831FC /* LaunchScreen.storyboard in Resources */ = {isa = PBXBuildFile; fileRef = C7692EC027F8D084007831FC /* LaunchScreen.storyboard */; };
		C7692ECD27F8D085007831FC /* CovidPassTests.swift in Sources */ = {isa = PBXBuildFile; fileRef = C7692ECC27F8D085007831FC /* CovidPassTests.swift */; };
		C7692ED727F8D085007831FC /* CovidPassUITests.swift in Sources */ = {isa = PBXBuildFile; fileRef = C7692ED627F8D085007831FC /* CovidPassUITests.swift */; };
		C7692ED927F8D085007831FC /* CovidPassUITestsLaunchTests.swift in Sources */ = {isa = PBXBuildFile; fileRef = C7692ED827F8D085007831FC /* CovidPassUITestsLaunchTests.swift */; };
		C787EA54280B4AEA00A8807A /* CodeScanner in Frameworks */ = {isa = PBXBuildFile; productRef = C787EA53280B4AEA00A8807A /* CodeScanner */; };
		C7D75AB9280B71B400B5E7D1 /* ScannerVC.swift in Sources */ = {isa = PBXBuildFile; fileRef = C7D75AB8280B71B400B5E7D1 /* ScannerVC.swift */; };
		C7D75ABB280CEF0D00B5E7D1 /* SignupLocationVC.swift in Sources */ = {isa = PBXBuildFile; fileRef = C7D75ABA280CEF0D00B5E7D1 /* SignupLocationVC.swift */; };
		EF0DE09E280A0ADC00D3E089 /* LocationSettingCell.swift in Sources */ = {isa = PBXBuildFile; fileRef = EF0DE09D280A0ADC00D3E089 /* LocationSettingCell.swift */; };
/* End PBXBuildFile section */

/* Begin PBXContainerItemProxy section */
		C7692EC927F8D085007831FC /* PBXContainerItemProxy */ = {
			isa = PBXContainerItemProxy;
			containerPortal = C7692EAA27F8D081007831FC /* Project object */;
			proxyType = 1;
			remoteGlobalIDString = C7692EB127F8D081007831FC;
			remoteInfo = CovidPass;
		};
		C7692ED327F8D085007831FC /* PBXContainerItemProxy */ = {
			isa = PBXContainerItemProxy;
			containerPortal = C7692EAA27F8D081007831FC /* Project object */;
			proxyType = 1;
			remoteGlobalIDString = C7692EB127F8D081007831FC;
			remoteInfo = CovidPass;
		};
/* End PBXContainerItemProxy section */

/* Begin PBXFileReference section */
		0007F1CE280A3CED00C84AA0 /* UserSettingVC.swift */ = {isa = PBXFileReference; lastKnownFileType = sourcecode.swift; path = UserSettingVC.swift; sourceTree = "<group>"; };
		0007F1D2280A413900C84AA0 /* UserSettingCell.swift */ = {isa = PBXFileReference; lastKnownFileType = sourcecode.swift; path = UserSettingCell.swift; sourceTree = "<group>"; };
		2AD4E0195F991CCA6A1F4D98 /* Pods_CovidPass.framework */ = {isa = PBXFileReference; explicitFileType = wrapper.framework; includeInIndex = 0; path = Pods_CovidPass.framework; sourceTree = BUILT_PRODUCTS_DIR; };
		2B0A048A50BBF5381828F4EF /* Pods-CovidPass-CovidPassUITests.debug.xcconfig */ = {isa = PBXFileReference; includeInIndex = 1; lastKnownFileType = text.xcconfig; name = "Pods-CovidPass-CovidPassUITests.debug.xcconfig"; path = "Target Support Files/Pods-CovidPass-CovidPassUITests/Pods-CovidPass-CovidPassUITests.debug.xcconfig"; sourceTree = "<group>"; };
		31FE516C353F467116B83016 /* Pods_CovidPassTests.framework */ = {isa = PBXFileReference; explicitFileType = wrapper.framework; includeInIndex = 0; path = Pods_CovidPassTests.framework; sourceTree = BUILT_PRODUCTS_DIR; };
		3B1CD89A55D81EC8096539A6 /* Pods-CovidPass.release.xcconfig */ = {isa = PBXFileReference; includeInIndex = 1; lastKnownFileType = text.xcconfig; name = "Pods-CovidPass.release.xcconfig"; path = "Target Support Files/Pods-CovidPass/Pods-CovidPass.release.xcconfig"; sourceTree = "<group>"; };
		3F6DEF36280A77E4008D4FD7 /* ProfileEditController.swift */ = {isa = PBXFileReference; lastKnownFileType = sourcecode.swift; path = ProfileEditController.swift; sourceTree = "<group>"; };
		69FA0B6656499EE6D9AB2E34 /* Pods-CovidPassTests.release.xcconfig */ = {isa = PBXFileReference; includeInIndex = 1; lastKnownFileType = text.xcconfig; name = "Pods-CovidPassTests.release.xcconfig"; path = "Target Support Files/Pods-CovidPassTests/Pods-CovidPassTests.release.xcconfig"; sourceTree = "<group>"; };
		A8437E20507CA3FE0CC911FC /* Pods_CovidPass_CovidPassUITests.framework */ = {isa = PBXFileReference; explicitFileType = wrapper.framework; includeInIndex = 0; path = Pods_CovidPass_CovidPassUITests.framework; sourceTree = BUILT_PRODUCTS_DIR; };
		A85EE0F735D47E5726A74E91 /* Pods-CovidPassTests.debug.xcconfig */ = {isa = PBXFileReference; includeInIndex = 1; lastKnownFileType = text.xcconfig; name = "Pods-CovidPassTests.debug.xcconfig"; path = "Target Support Files/Pods-CovidPassTests/Pods-CovidPassTests.debug.xcconfig"; sourceTree = "<group>"; };
		B64BAAC027FD014900057FB2 /* UserHomeVC.swift */ = {isa = PBXFileReference; lastKnownFileType = sourcecode.swift; path = UserHomeVC.swift; sourceTree = "<group>"; };
		B64BAAC227FD015400057FB2 /* LoginViewController.swift */ = {isa = PBXFileReference; lastKnownFileType = sourcecode.swift; path = LoginViewController.swift; sourceTree = "<group>"; };
		B64BAAC427FD015D00057FB2 /* UserHistoryVC.swift */ = {isa = PBXFileReference; lastKnownFileType = sourcecode.swift; path = UserHistoryVC.swift; sourceTree = "<group>"; };
		B64BAAC627FD016600057FB2 /* UserProfileVC.swift */ = {isa = PBXFileReference; lastKnownFileType = sourcecode.swift; path = UserProfileVC.swift; sourceTree = "<group>"; };
		B64BAAC827FD06F200057FB2 /* UserHistoryCell.swift */ = {isa = PBXFileReference; lastKnownFileType = sourcecode.swift; path = UserHistoryCell.swift; sourceTree = "<group>"; };
		B65B30ED27FF9C1700E7A90D /* SignupTypeVC.swift */ = {isa = PBXFileReference; lastKnownFileType = sourcecode.swift; path = SignupTypeVC.swift; sourceTree = "<group>"; };
		B65B30EF27FF9DB700E7A90D /* SignupUsernameVC.swift */ = {isa = PBXFileReference; lastKnownFileType = sourcecode.swift; path = SignupUsernameVC.swift; sourceTree = "<group>"; };
		B65B30F127FF9EA100E7A90D /* SignupPasswordVC.swift */ = {isa = PBXFileReference; lastKnownFileType = sourcecode.swift; path = SignupPasswordVC.swift; sourceTree = "<group>"; };
		B65B30F327FFA6AB00E7A90D /* LocationSettingVC.swift */ = {isa = PBXFileReference; lastKnownFileType = sourcecode.swift; path = LocationSettingVC.swift; sourceTree = "<group>"; };
		B6A3E2AE280A5B0600CEBB16 /* LocationHistoryVC.swift */ = {isa = PBXFileReference; lastKnownFileType = sourcecode.swift; path = LocationHistoryVC.swift; sourceTree = "<group>"; };
		B6A645922812A11D00A5C682 /* LocationHistoryCell.swift */ = {isa = PBXFileReference; lastKnownFileType = sourcecode.swift; path = LocationHistoryCell.swift; sourceTree = "<group>"; };
		B6A645942813B6E500A5C682 /* TabBarViewController.swift */ = {isa = PBXFileReference; lastKnownFileType = sourcecode.swift; path = TabBarViewController.swift; sourceTree = "<group>"; };
		B6E428F42811381A00261F82 /* SignupUserVC.swift */ = {isa = PBXFileReference; lastKnownFileType = sourcecode.swift; path = SignupUserVC.swift; sourceTree = "<group>"; };
		C733D68A2811E4A700CE5C63 /* LocationFAQViewController.swift */ = {isa = PBXFileReference; lastKnownFileType = sourcecode.swift; path = LocationFAQViewController.swift; sourceTree = "<group>"; };
		C748E1A328000889005AB168 /* LocationCodeVC.swift */ = {isa = PBXFileReference; lastKnownFileType = sourcecode.swift; path = LocationCodeVC.swift; sourceTree = "<group>"; };
		C7692EB227F8D081007831FC /* CovidPass.app */ = {isa = PBXFileReference; explicitFileType = wrapper.application; includeInIndex = 0; path = CovidPass.app; sourceTree = BUILT_PRODUCTS_DIR; };
		C7692EB527F8D081007831FC /* AppDelegate.swift */ = {isa = PBXFileReference; lastKnownFileType = sourcecode.swift; path = AppDelegate.swift; sourceTree = "<group>"; };
		C7692EB727F8D081007831FC /* SceneDelegate.swift */ = {isa = PBXFileReference; lastKnownFileType = sourcecode.swift; path = SceneDelegate.swift; sourceTree = "<group>"; };
		C7692EBC27F8D081007831FC /* Base */ = {isa = PBXFileReference; lastKnownFileType = file.storyboard; name = Base; path = Base.lproj/Main.storyboard; sourceTree = "<group>"; };
		C7692EBE27F8D084007831FC /* Assets.xcassets */ = {isa = PBXFileReference; lastKnownFileType = folder.assetcatalog; path = Assets.xcassets; sourceTree = "<group>"; };
		C7692EC127F8D084007831FC /* Base */ = {isa = PBXFileReference; lastKnownFileType = file.storyboard; name = Base; path = Base.lproj/LaunchScreen.storyboard; sourceTree = "<group>"; };
		C7692EC327F8D084007831FC /* Info.plist */ = {isa = PBXFileReference; lastKnownFileType = text.plist.xml; path = Info.plist; sourceTree = "<group>"; };
		C7692EC827F8D085007831FC /* CovidPassTests.xctest */ = {isa = PBXFileReference; explicitFileType = wrapper.cfbundle; includeInIndex = 0; path = CovidPassTests.xctest; sourceTree = BUILT_PRODUCTS_DIR; };
		C7692ECC27F8D085007831FC /* CovidPassTests.swift */ = {isa = PBXFileReference; lastKnownFileType = sourcecode.swift; path = CovidPassTests.swift; sourceTree = "<group>"; };
		C7692ED227F8D085007831FC /* CovidPassUITests.xctest */ = {isa = PBXFileReference; explicitFileType = wrapper.cfbundle; includeInIndex = 0; path = CovidPassUITests.xctest; sourceTree = BUILT_PRODUCTS_DIR; };
		C7692ED627F8D085007831FC /* CovidPassUITests.swift */ = {isa = PBXFileReference; lastKnownFileType = sourcecode.swift; path = CovidPassUITests.swift; sourceTree = "<group>"; };
		C7692ED827F8D085007831FC /* CovidPassUITestsLaunchTests.swift */ = {isa = PBXFileReference; lastKnownFileType = sourcecode.swift; path = CovidPassUITestsLaunchTests.swift; sourceTree = "<group>"; };
		C7D75AB8280B71B400B5E7D1 /* ScannerVC.swift */ = {isa = PBXFileReference; lastKnownFileType = sourcecode.swift; path = ScannerVC.swift; sourceTree = "<group>"; };
		C7D75ABA280CEF0D00B5E7D1 /* SignupLocationVC.swift */ = {isa = PBXFileReference; lastKnownFileType = sourcecode.swift; path = SignupLocationVC.swift; sourceTree = "<group>"; };
		CCF1E0F6CB5ADCD52678CE78 /* Pods-CovidPass.debug.xcconfig */ = {isa = PBXFileReference; includeInIndex = 1; lastKnownFileType = text.xcconfig; name = "Pods-CovidPass.debug.xcconfig"; path = "Target Support Files/Pods-CovidPass/Pods-CovidPass.debug.xcconfig"; sourceTree = "<group>"; };
		EF0DE09D280A0ADC00D3E089 /* LocationSettingCell.swift */ = {isa = PBXFileReference; lastKnownFileType = sourcecode.swift; path = LocationSettingCell.swift; sourceTree = "<group>"; };
		FB3DC35BED2C23417AA0B869 /* Pods-CovidPass-CovidPassUITests.release.xcconfig */ = {isa = PBXFileReference; includeInIndex = 1; lastKnownFileType = text.xcconfig; name = "Pods-CovidPass-CovidPassUITests.release.xcconfig"; path = "Target Support Files/Pods-CovidPass-CovidPassUITests/Pods-CovidPass-CovidPassUITests.release.xcconfig"; sourceTree = "<group>"; };
/* End PBXFileReference section */

/* Begin PBXFrameworksBuildPhase section */
		C7692EAF27F8D081007831FC /* Frameworks */ = {
			isa = PBXFrameworksBuildPhase;
			buildActionMask = 2147483647;
			files = (
				C787EA54280B4AEA00A8807A /* CodeScanner in Frameworks */,
				0C652C40F9A52E3AD8573907 /* Pods_CovidPass.framework in Frameworks */,
			);
			runOnlyForDeploymentPostprocessing = 0;
		};
		C7692EC527F8D085007831FC /* Frameworks */ = {
			isa = PBXFrameworksBuildPhase;
			buildActionMask = 2147483647;
			files = (
				32DC4F65D0B38333F5F53022 /* Pods_CovidPassTests.framework in Frameworks */,
			);
			runOnlyForDeploymentPostprocessing = 0;
		};
		C7692ECF27F8D085007831FC /* Frameworks */ = {
			isa = PBXFrameworksBuildPhase;
			buildActionMask = 2147483647;
			files = (
				BEAABC5DE759E9270F14D7B1 /* Pods_CovidPass_CovidPassUITests.framework in Frameworks */,
			);
			runOnlyForDeploymentPostprocessing = 0;
		};
/* End PBXFrameworksBuildPhase section */

/* Begin PBXGroup section */
		70E899FC4863E7E560FAD26D /* Pods */ = {
			isa = PBXGroup;
			children = (
				CCF1E0F6CB5ADCD52678CE78 /* Pods-CovidPass.debug.xcconfig */,
				3B1CD89A55D81EC8096539A6 /* Pods-CovidPass.release.xcconfig */,
				2B0A048A50BBF5381828F4EF /* Pods-CovidPass-CovidPassUITests.debug.xcconfig */,
				FB3DC35BED2C23417AA0B869 /* Pods-CovidPass-CovidPassUITests.release.xcconfig */,
				A85EE0F735D47E5726A74E91 /* Pods-CovidPassTests.debug.xcconfig */,
				69FA0B6656499EE6D9AB2E34 /* Pods-CovidPassTests.release.xcconfig */,
			);
			path = Pods;
			sourceTree = "<group>";
		};
		B63BE2412B840E2000DF6516 /* Cells */ = {
			isa = PBXGroup;
			children = (
				B6A645922812A11D00A5C682 /* LocationHistoryCell.swift */,
				EF0DE09D280A0ADC00D3E089 /* LocationSettingCell.swift */,
				B64BAAC827FD06F200057FB2 /* UserHistoryCell.swift */,
				0007F1D2280A413900C84AA0 /* UserSettingCell.swift */,
			);
			path = Cells;
			sourceTree = "<group>";
		};
		B63BE2432B840E2900DF6516 /* ViewControllers */ = {
			isa = PBXGroup;
			children = (
				B63BE2462B840E5600DF6516 /* User */,
				B63BE2452B840E5400DF6516 /* Location */,
				B63BE2442B840E4300DF6516 /* Signup */,
			);
			path = ViewControllers;
			sourceTree = "<group>";
		};
		B63BE2442B840E4300DF6516 /* Signup */ = {
			isa = PBXGroup;
			children = (
				B65B30EF27FF9DB700E7A90D /* SignupUsernameVC.swift */,
				B65B30F127FF9EA100E7A90D /* SignupPasswordVC.swift */,
				B65B30ED27FF9C1700E7A90D /* SignupTypeVC.swift */,
				C7D75ABA280CEF0D00B5E7D1 /* SignupLocationVC.swift */,
				B6E428F42811381A00261F82 /* SignupUserVC.swift */,
			);
			path = Signup;
			sourceTree = "<group>";
		};
		B63BE2452B840E5400DF6516 /* Location */ = {
			isa = PBXGroup;
			children = (
				C748E1A328000889005AB168 /* LocationCodeVC.swift */,
				B6A3E2AE280A5B0600CEBB16 /* LocationHistoryVC.swift */,
				B65B30F327FFA6AB00E7A90D /* LocationSettingVC.swift */,
				C733D68A2811E4A700CE5C63 /* LocationFAQViewController.swift */,
			);
			path = Location;
			sourceTree = "<group>";
		};
		B63BE2462B840E5600DF6516 /* User */ = {
			isa = PBXGroup;
			children = (
				B64BAAC027FD014900057FB2 /* UserHomeVC.swift */,
				B64BAAC427FD015D00057FB2 /* UserHistoryVC.swift */,
				B64BAAC627FD016600057FB2 /* UserProfileVC.swift */,
				0007F1CE280A3CED00C84AA0 /* UserSettingVC.swift */,
			);
			path = User;
			sourceTree = "<group>";
		};
		C7692EA927F8D081007831FC = {
			isa = PBXGroup;
			children = (
				C7692EB427F8D081007831FC /* CovidPass */,
				C7692ECB27F8D085007831FC /* CovidPassTests */,
				C7692ED527F8D085007831FC /* CovidPassUITests */,
				C7692EB327F8D081007831FC /* Products */,
				70E899FC4863E7E560FAD26D /* Pods */,
				C7E28801F99C8E045A63F32A /* Frameworks */,
			);
			sourceTree = "<group>";
		};
		C7692EB327F8D081007831FC /* Products */ = {
			isa = PBXGroup;
			children = (
				C7692EB227F8D081007831FC /* CovidPass.app */,
				C7692EC827F8D085007831FC /* CovidPassTests.xctest */,
				C7692ED227F8D085007831FC /* CovidPassUITests.xctest */,
			);
			name = Products;
			sourceTree = "<group>";
		};
		C7692EB427F8D081007831FC /* CovidPass */ = {
			isa = PBXGroup;
			children = (
				B63BE2432B840E2900DF6516 /* ViewControllers */,
				B63BE2412B840E2000DF6516 /* Cells */,
				C7692EB527F8D081007831FC /* AppDelegate.swift */,
				C7692EB727F8D081007831FC /* SceneDelegate.swift */,
				C7692EBE27F8D084007831FC /* Assets.xcassets */,
				C7692EC027F8D084007831FC /* LaunchScreen.storyboard */,
				C7692EC327F8D084007831FC /* Info.plist */,
				B64BAAC227FD015400057FB2 /* LoginViewController.swift */,
				3F6DEF36280A77E4008D4FD7 /* ProfileEditController.swift */,
				C7692EBB27F8D081007831FC /* Main.storyboard */,
				B6A645942813B6E500A5C682 /* TabBarViewController.swift */,
				C7D75AB8280B71B400B5E7D1 /* ScannerVC.swift */,
			);
			path = CovidPass;
			sourceTree = "<group>";
		};
		C7692ECB27F8D085007831FC /* CovidPassTests */ = {
			isa = PBXGroup;
			children = (
				C7692ECC27F8D085007831FC /* CovidPassTests.swift */,
			);
			path = CovidPassTests;
			sourceTree = "<group>";
		};
		C7692ED527F8D085007831FC /* CovidPassUITests */ = {
			isa = PBXGroup;
			children = (
				C7692ED627F8D085007831FC /* CovidPassUITests.swift */,
				C7692ED827F8D085007831FC /* CovidPassUITestsLaunchTests.swift */,
			);
			path = CovidPassUITests;
			sourceTree = "<group>";
		};
		C7E28801F99C8E045A63F32A /* Frameworks */ = {
			isa = PBXGroup;
			children = (
				2AD4E0195F991CCA6A1F4D98 /* Pods_CovidPass.framework */,
				A8437E20507CA3FE0CC911FC /* Pods_CovidPass_CovidPassUITests.framework */,
				31FE516C353F467116B83016 /* Pods_CovidPassTests.framework */,
			);
			name = Frameworks;
			sourceTree = "<group>";
		};
/* End PBXGroup section */

/* Begin PBXNativeTarget section */
		C7692EB127F8D081007831FC /* CovidPass */ = {
			isa = PBXNativeTarget;
			buildConfigurationList = C7692EDC27F8D085007831FC /* Build configuration list for PBXNativeTarget "CovidPass" */;
			buildPhases = (
				DCAE329AF58A19B1CDF91D77 /* [CP] Check Pods Manifest.lock */,
				C7692EAE27F8D081007831FC /* Sources */,
				C7692EAF27F8D081007831FC /* Frameworks */,
				C7692EB027F8D081007831FC /* Resources */,
				6757FBB5CDD9C198A7A49D9A /* [CP] Embed Pods Frameworks */,
			);
			buildRules = (
			);
			dependencies = (
			);
			name = CovidPass;
			packageProductDependencies = (
				C787EA53280B4AEA00A8807A /* CodeScanner */,
			);
			productName = CovidPass;
			productReference = C7692EB227F8D081007831FC /* CovidPass.app */;
			productType = "com.apple.product-type.application";
		};
		C7692EC727F8D085007831FC /* CovidPassTests */ = {
			isa = PBXNativeTarget;
			buildConfigurationList = C7692EDF27F8D085007831FC /* Build configuration list for PBXNativeTarget "CovidPassTests" */;
			buildPhases = (
				CDBA078C3C829C7E80FFDB1E /* [CP] Check Pods Manifest.lock */,
				C7692EC427F8D085007831FC /* Sources */,
				C7692EC527F8D085007831FC /* Frameworks */,
				C7692EC627F8D085007831FC /* Resources */,
			);
			buildRules = (
			);
			dependencies = (
				C7692ECA27F8D085007831FC /* PBXTargetDependency */,
			);
			name = CovidPassTests;
			productName = CovidPassTests;
			productReference = C7692EC827F8D085007831FC /* CovidPassTests.xctest */;
			productType = "com.apple.product-type.bundle.unit-test";
		};
		C7692ED127F8D085007831FC /* CovidPassUITests */ = {
			isa = PBXNativeTarget;
			buildConfigurationList = C7692EE227F8D085007831FC /* Build configuration list for PBXNativeTarget "CovidPassUITests" */;
			buildPhases = (
				56A8946884197E0D40DDA881 /* [CP] Check Pods Manifest.lock */,
				C7692ECE27F8D085007831FC /* Sources */,
				C7692ECF27F8D085007831FC /* Frameworks */,
				C7692ED027F8D085007831FC /* Resources */,
				276496455782D234B19244ED /* [CP] Embed Pods Frameworks */,
			);
			buildRules = (
			);
			dependencies = (
				C7692ED427F8D085007831FC /* PBXTargetDependency */,
			);
			name = CovidPassUITests;
			productName = CovidPassUITests;
			productReference = C7692ED227F8D085007831FC /* CovidPassUITests.xctest */;
			productType = "com.apple.product-type.bundle.ui-testing";
		};
/* End PBXNativeTarget section */

/* Begin PBXProject section */
		C7692EAA27F8D081007831FC /* Project object */ = {
			isa = PBXProject;
			attributes = {
				BuildIndependentTargetsInParallel = 1;
				LastSwiftUpdateCheck = 1320;
				LastUpgradeCheck = 1320;
				TargetAttributes = {
					C7692EB127F8D081007831FC = {
						CreatedOnToolsVersion = 13.2.1;
					};
					C7692EC727F8D085007831FC = {
						CreatedOnToolsVersion = 13.2.1;
						TestTargetID = C7692EB127F8D081007831FC;
					};
					C7692ED127F8D085007831FC = {
						CreatedOnToolsVersion = 13.2.1;
						TestTargetID = C7692EB127F8D081007831FC;
					};
				};
			};
			buildConfigurationList = C7692EAD27F8D081007831FC /* Build configuration list for PBXProject "CovidPass" */;
			compatibilityVersion = "Xcode 13.0";
			developmentRegion = en;
			hasScannedForEncodings = 0;
			knownRegions = (
				en,
				Base,
			);
			mainGroup = C7692EA927F8D081007831FC;
			packageReferences = (
				C787EA52280B4AEA00A8807A /* XCRemoteSwiftPackageReference "CodeScanner" */,
			);
			productRefGroup = C7692EB327F8D081007831FC /* Products */;
			projectDirPath = "";
			projectRoot = "";
			targets = (
				C7692EB127F8D081007831FC /* CovidPass */,
				C7692EC727F8D085007831FC /* CovidPassTests */,
				C7692ED127F8D085007831FC /* CovidPassUITests */,
			);
		};
/* End PBXProject section */

/* Begin PBXResourcesBuildPhase section */
		C7692EB027F8D081007831FC /* Resources */ = {
			isa = PBXResourcesBuildPhase;
			buildActionMask = 2147483647;
			files = (
				C7692EC227F8D084007831FC /* LaunchScreen.storyboard in Resources */,
				C7692EBF27F8D084007831FC /* Assets.xcassets in Resources */,
				C7692EBD27F8D081007831FC /* Main.storyboard in Resources */,
			);
			runOnlyForDeploymentPostprocessing = 0;
		};
		C7692EC627F8D085007831FC /* Resources */ = {
			isa = PBXResourcesBuildPhase;
			buildActionMask = 2147483647;
			files = (
			);
			runOnlyForDeploymentPostprocessing = 0;
		};
		C7692ED027F8D085007831FC /* Resources */ = {
			isa = PBXResourcesBuildPhase;
			buildActionMask = 2147483647;
			files = (
			);
			runOnlyForDeploymentPostprocessing = 0;
		};
/* End PBXResourcesBuildPhase section */

/* Begin PBXShellScriptBuildPhase section */
		276496455782D234B19244ED /* [CP] Embed Pods Frameworks */ = {
			isa = PBXShellScriptBuildPhase;
			buildActionMask = 2147483647;
			files = (
			);
			inputFileListPaths = (
				"${PODS_ROOT}/Target Support Files/Pods-CovidPass-CovidPassUITests/Pods-CovidPass-CovidPassUITests-frameworks-${CONFIGURATION}-input-files.xcfilelist",
			);
			name = "[CP] Embed Pods Frameworks";
			outputFileListPaths = (
				"${PODS_ROOT}/Target Support Files/Pods-CovidPass-CovidPassUITests/Pods-CovidPass-CovidPassUITests-frameworks-${CONFIGURATION}-output-files.xcfilelist",
			);
			runOnlyForDeploymentPostprocessing = 0;
			shellPath = /bin/sh;
			shellScript = "\"${PODS_ROOT}/Target Support Files/Pods-CovidPass-CovidPassUITests/Pods-CovidPass-CovidPassUITests-frameworks.sh\"\n";
			showEnvVarsInLog = 0;
		};
		56A8946884197E0D40DDA881 /* [CP] Check Pods Manifest.lock */ = {
			isa = PBXShellScriptBuildPhase;
			buildActionMask = 2147483647;
			files = (
			);
			inputFileListPaths = (
			);
			inputPaths = (
				"${PODS_PODFILE_DIR_PATH}/Podfile.lock",
				"${PODS_ROOT}/Manifest.lock",
			);
			name = "[CP] Check Pods Manifest.lock";
			outputFileListPaths = (
			);
			outputPaths = (
				"$(DERIVED_FILE_DIR)/Pods-CovidPass-CovidPassUITests-checkManifestLockResult.txt",
			);
			runOnlyForDeploymentPostprocessing = 0;
			shellPath = /bin/sh;
			shellScript = "diff \"${PODS_PODFILE_DIR_PATH}/Podfile.lock\" \"${PODS_ROOT}/Manifest.lock\" > /dev/null\nif [ $? != 0 ] ; then\n    # print error to STDERR\n    echo \"error: The sandbox is not in sync with the Podfile.lock. Run 'pod install' or update your CocoaPods installation.\" >&2\n    exit 1\nfi\n# This output is used by Xcode 'outputs' to avoid re-running this script phase.\necho \"SUCCESS\" > \"${SCRIPT_OUTPUT_FILE_0}\"\n";
			showEnvVarsInLog = 0;
		};
		6757FBB5CDD9C198A7A49D9A /* [CP] Embed Pods Frameworks */ = {
			isa = PBXShellScriptBuildPhase;
			buildActionMask = 2147483647;
			files = (
			);
			inputFileListPaths = (
				"${PODS_ROOT}/Target Support Files/Pods-CovidPass/Pods-CovidPass-frameworks-${CONFIGURATION}-input-files.xcfilelist",
			);
			name = "[CP] Embed Pods Frameworks";
			outputFileListPaths = (
				"${PODS_ROOT}/Target Support Files/Pods-CovidPass/Pods-CovidPass-frameworks-${CONFIGURATION}-output-files.xcfilelist",
			);
			runOnlyForDeploymentPostprocessing = 0;
			shellPath = /bin/sh;
			shellScript = "\"${PODS_ROOT}/Target Support Files/Pods-CovidPass/Pods-CovidPass-frameworks.sh\"\n";
			showEnvVarsInLog = 0;
		};
		CDBA078C3C829C7E80FFDB1E /* [CP] Check Pods Manifest.lock */ = {
			isa = PBXShellScriptBuildPhase;
			buildActionMask = 2147483647;
			files = (
			);
			inputFileListPaths = (
			);
			inputPaths = (
				"${PODS_PODFILE_DIR_PATH}/Podfile.lock",
				"${PODS_ROOT}/Manifest.lock",
			);
			name = "[CP] Check Pods Manifest.lock";
			outputFileListPaths = (
			);
			outputPaths = (
				"$(DERIVED_FILE_DIR)/Pods-CovidPassTests-checkManifestLockResult.txt",
			);
			runOnlyForDeploymentPostprocessing = 0;
			shellPath = /bin/sh;
			shellScript = "diff \"${PODS_PODFILE_DIR_PATH}/Podfile.lock\" \"${PODS_ROOT}/Manifest.lock\" > /dev/null\nif [ $? != 0 ] ; then\n    # print error to STDERR\n    echo \"error: The sandbox is not in sync with the Podfile.lock. Run 'pod install' or update your CocoaPods installation.\" >&2\n    exit 1\nfi\n# This output is used by Xcode 'outputs' to avoid re-running this script phase.\necho \"SUCCESS\" > \"${SCRIPT_OUTPUT_FILE_0}\"\n";
			showEnvVarsInLog = 0;
		};
		DCAE329AF58A19B1CDF91D77 /* [CP] Check Pods Manifest.lock */ = {
			isa = PBXShellScriptBuildPhase;
			buildActionMask = 2147483647;
			files = (
			);
			inputFileListPaths = (
			);
			inputPaths = (
				"${PODS_PODFILE_DIR_PATH}/Podfile.lock",
				"${PODS_ROOT}/Manifest.lock",
			);
			name = "[CP] Check Pods Manifest.lock";
			outputFileListPaths = (
			);
			outputPaths = (
				"$(DERIVED_FILE_DIR)/Pods-CovidPass-checkManifestLockResult.txt",
			);
			runOnlyForDeploymentPostprocessing = 0;
			shellPath = /bin/sh;
			shellScript = "diff \"${PODS_PODFILE_DIR_PATH}/Podfile.lock\" \"${PODS_ROOT}/Manifest.lock\" > /dev/null\nif [ $? != 0 ] ; then\n    # print error to STDERR\n    echo \"error: The sandbox is not in sync with the Podfile.lock. Run 'pod install' or update your CocoaPods installation.\" >&2\n    exit 1\nfi\n# This output is used by Xcode 'outputs' to avoid re-running this script phase.\necho \"SUCCESS\" > \"${SCRIPT_OUTPUT_FILE_0}\"\n";
			showEnvVarsInLog = 0;
		};
/* End PBXShellScriptBuildPhase section */

/* Begin PBXSourcesBuildPhase section */
		C7692EAE27F8D081007831FC /* Sources */ = {
			isa = PBXSourcesBuildPhase;
			buildActionMask = 2147483647;
			files = (
				C748E1A428000889005AB168 /* LocationCodeVC.swift in Sources */,
				B65B30EE27FF9C1700E7A90D /* SignupTypeVC.swift in Sources */,
				0007F1CF280A3CED00C84AA0 /* UserSettingVC.swift in Sources */,
				B64BAAC727FD016600057FB2 /* UserProfileVC.swift in Sources */,
				C7D75ABB280CEF0D00B5E7D1 /* SignupLocationVC.swift in Sources */,
				B65B30F427FFA6AB00E7A90D /* LocationSettingVC.swift in Sources */,
				B65B30F027FF9DB700E7A90D /* SignupUsernameVC.swift in Sources */,
				3F6DEF37280A77E4008D4FD7 /* ProfileEditController.swift in Sources */,
				C733D68B2811E4A700CE5C63 /* LocationFAQViewController.swift in Sources */,
				EF0DE09E280A0ADC00D3E089 /* LocationSettingCell.swift in Sources */,
				B65B30F227FF9EA100E7A90D /* SignupPasswordVC.swift in Sources */,
				B64BAAC927FD06F200057FB2 /* UserHistoryCell.swift in Sources */,
				B6A3E2AF280A5B0600CEBB16 /* LocationHistoryVC.swift in Sources */,
				B64BAAC327FD015400057FB2 /* LoginViewController.swift in Sources */,
				C7692EB627F8D081007831FC /* AppDelegate.swift in Sources */,
				B6A645952813B6E500A5C682 /* TabBarViewController.swift in Sources */,
				C7692EB827F8D081007831FC /* SceneDelegate.swift in Sources */,
				0007F1D3280A413900C84AA0 /* UserSettingCell.swift in Sources */,
				B64BAAC527FD015D00057FB2 /* UserHistoryVC.swift in Sources */,
				B6E428F52811381A00261F82 /* SignupUserVC.swift in Sources */,
				C7D75AB9280B71B400B5E7D1 /* ScannerVC.swift in Sources */,
				B64BAAC127FD014900057FB2 /* UserHomeVC.swift in Sources */,
				B6A645932812A11D00A5C682 /* LocationHistoryCell.swift in Sources */,
			);
			runOnlyForDeploymentPostprocessing = 0;
		};
		C7692EC427F8D085007831FC /* Sources */ = {
			isa = PBXSourcesBuildPhase;
			buildActionMask = 2147483647;
			files = (
				C7692ECD27F8D085007831FC /* CovidPassTests.swift in Sources */,
			);
			runOnlyForDeploymentPostprocessing = 0;
		};
		C7692ECE27F8D085007831FC /* Sources */ = {
			isa = PBXSourcesBuildPhase;
			buildActionMask = 2147483647;
			files = (
				C7692ED727F8D085007831FC /* CovidPassUITests.swift in Sources */,
				C7692ED927F8D085007831FC /* CovidPassUITestsLaunchTests.swift in Sources */,
			);
			runOnlyForDeploymentPostprocessing = 0;
		};
/* End PBXSourcesBuildPhase section */

/* Begin PBXTargetDependency section */
		C7692ECA27F8D085007831FC /* PBXTargetDependency */ = {
			isa = PBXTargetDependency;
			target = C7692EB127F8D081007831FC /* CovidPass */;
			targetProxy = C7692EC927F8D085007831FC /* PBXContainerItemProxy */;
		};
		C7692ED427F8D085007831FC /* PBXTargetDependency */ = {
			isa = PBXTargetDependency;
			target = C7692EB127F8D081007831FC /* CovidPass */;
			targetProxy = C7692ED327F8D085007831FC /* PBXContainerItemProxy */;
		};
/* End PBXTargetDependency section */

/* Begin PBXVariantGroup section */
		C7692EBB27F8D081007831FC /* Main.storyboard */ = {
			isa = PBXVariantGroup;
			children = (
				C7692EBC27F8D081007831FC /* Base */,
			);
			name = Main.storyboard;
			sourceTree = "<group>";
		};
		C7692EC027F8D084007831FC /* LaunchScreen.storyboard */ = {
			isa = PBXVariantGroup;
			children = (
				C7692EC127F8D084007831FC /* Base */,
			);
			name = LaunchScreen.storyboard;
			sourceTree = "<group>";
		};
/* End PBXVariantGroup section */

/* Begin XCBuildConfiguration section */
		C7692EDA27F8D085007831FC /* Debug */ = {
			isa = XCBuildConfiguration;
			buildSettings = {
				ALWAYS_SEARCH_USER_PATHS = NO;
				CLANG_ANALYZER_NONNULL = YES;
				CLANG_ANALYZER_NUMBER_OBJECT_CONVERSION = YES_AGGRESSIVE;
				CLANG_CXX_LANGUAGE_STANDARD = "gnu++17";
				CLANG_CXX_LIBRARY = "libc++";
				CLANG_ENABLE_MODULES = YES;
				CLANG_ENABLE_OBJC_ARC = YES;
				CLANG_ENABLE_OBJC_WEAK = YES;
				CLANG_WARN_BLOCK_CAPTURE_AUTORELEASING = YES;
				CLANG_WARN_BOOL_CONVERSION = YES;
				CLANG_WARN_COMMA = YES;
				CLANG_WARN_CONSTANT_CONVERSION = YES;
				CLANG_WARN_DEPRECATED_OBJC_IMPLEMENTATIONS = YES;
				CLANG_WARN_DIRECT_OBJC_ISA_USAGE = YES_ERROR;
				CLANG_WARN_DOCUMENTATION_COMMENTS = YES;
				CLANG_WARN_EMPTY_BODY = YES;
				CLANG_WARN_ENUM_CONVERSION = YES;
				CLANG_WARN_INFINITE_RECURSION = YES;
				CLANG_WARN_INT_CONVERSION = YES;
				CLANG_WARN_NON_LITERAL_NULL_CONVERSION = YES;
				CLANG_WARN_OBJC_IMPLICIT_RETAIN_SELF = YES;
				CLANG_WARN_OBJC_LITERAL_CONVERSION = YES;
				CLANG_WARN_OBJC_ROOT_CLASS = YES_ERROR;
				CLANG_WARN_QUOTED_INCLUDE_IN_FRAMEWORK_HEADER = YES;
				CLANG_WARN_RANGE_LOOP_ANALYSIS = YES;
				CLANG_WARN_STRICT_PROTOTYPES = YES;
				CLANG_WARN_SUSPICIOUS_MOVE = YES;
				CLANG_WARN_UNGUARDED_AVAILABILITY = YES_AGGRESSIVE;
				CLANG_WARN_UNREACHABLE_CODE = YES;
				CLANG_WARN__DUPLICATE_METHOD_MATCH = YES;
				COPY_PHASE_STRIP = NO;
				DEBUG_INFORMATION_FORMAT = dwarf;
				ENABLE_STRICT_OBJC_MSGSEND = YES;
				ENABLE_TESTABILITY = YES;
				GCC_C_LANGUAGE_STANDARD = gnu11;
				GCC_DYNAMIC_NO_PIC = NO;
				GCC_NO_COMMON_BLOCKS = YES;
				GCC_OPTIMIZATION_LEVEL = 0;
				GCC_PREPROCESSOR_DEFINITIONS = (
					"DEBUG=1",
					"$(inherited)",
				);
				GCC_WARN_64_TO_32_BIT_CONVERSION = YES;
				GCC_WARN_ABOUT_RETURN_TYPE = YES_ERROR;
				GCC_WARN_UNDECLARED_SELECTOR = YES;
				GCC_WARN_UNINITIALIZED_AUTOS = YES_AGGRESSIVE;
				GCC_WARN_UNUSED_FUNCTION = YES;
				GCC_WARN_UNUSED_VARIABLE = YES;
				IPHONEOS_DEPLOYMENT_TARGET = 15.2;
				MTL_ENABLE_DEBUG_INFO = INCLUDE_SOURCE;
				MTL_FAST_MATH = YES;
				ONLY_ACTIVE_ARCH = YES;
				SDKROOT = iphoneos;
				SWIFT_ACTIVE_COMPILATION_CONDITIONS = DEBUG;
				SWIFT_OPTIMIZATION_LEVEL = "-Onone";
			};
			name = Debug;
		};
		C7692EDB27F8D085007831FC /* Release */ = {
			isa = XCBuildConfiguration;
			buildSettings = {
				ALWAYS_SEARCH_USER_PATHS = NO;
				CLANG_ANALYZER_NONNULL = YES;
				CLANG_ANALYZER_NUMBER_OBJECT_CONVERSION = YES_AGGRESSIVE;
				CLANG_CXX_LANGUAGE_STANDARD = "gnu++17";
				CLANG_CXX_LIBRARY = "libc++";
				CLANG_ENABLE_MODULES = YES;
				CLANG_ENABLE_OBJC_ARC = YES;
				CLANG_ENABLE_OBJC_WEAK = YES;
				CLANG_WARN_BLOCK_CAPTURE_AUTORELEASING = YES;
				CLANG_WARN_BOOL_CONVERSION = YES;
				CLANG_WARN_COMMA = YES;
				CLANG_WARN_CONSTANT_CONVERSION = YES;
				CLANG_WARN_DEPRECATED_OBJC_IMPLEMENTATIONS = YES;
				CLANG_WARN_DIRECT_OBJC_ISA_USAGE = YES_ERROR;
				CLANG_WARN_DOCUMENTATION_COMMENTS = YES;
				CLANG_WARN_EMPTY_BODY = YES;
				CLANG_WARN_ENUM_CONVERSION = YES;
				CLANG_WARN_INFINITE_RECURSION = YES;
				CLANG_WARN_INT_CONVERSION = YES;
				CLANG_WARN_NON_LITERAL_NULL_CONVERSION = YES;
				CLANG_WARN_OBJC_IMPLICIT_RETAIN_SELF = YES;
				CLANG_WARN_OBJC_LITERAL_CONVERSION = YES;
				CLANG_WARN_OBJC_ROOT_CLASS = YES_ERROR;
				CLANG_WARN_QUOTED_INCLUDE_IN_FRAMEWORK_HEADER = YES;
				CLANG_WARN_RANGE_LOOP_ANALYSIS = YES;
				CLANG_WARN_STRICT_PROTOTYPES = YES;
				CLANG_WARN_SUSPICIOUS_MOVE = YES;
				CLANG_WARN_UNGUARDED_AVAILABILITY = YES_AGGRESSIVE;
				CLANG_WARN_UNREACHABLE_CODE = YES;
				CLANG_WARN__DUPLICATE_METHOD_MATCH = YES;
				COPY_PHASE_STRIP = NO;
				DEBUG_INFORMATION_FORMAT = "dwarf-with-dsym";
				ENABLE_NS_ASSERTIONS = NO;
				ENABLE_STRICT_OBJC_MSGSEND = YES;
				GCC_C_LANGUAGE_STANDARD = gnu11;
				GCC_NO_COMMON_BLOCKS = YES;
				GCC_WARN_64_TO_32_BIT_CONVERSION = YES;
				GCC_WARN_ABOUT_RETURN_TYPE = YES_ERROR;
				GCC_WARN_UNDECLARED_SELECTOR = YES;
				GCC_WARN_UNINITIALIZED_AUTOS = YES_AGGRESSIVE;
				GCC_WARN_UNUSED_FUNCTION = YES;
				GCC_WARN_UNUSED_VARIABLE = YES;
				IPHONEOS_DEPLOYMENT_TARGET = 15.2;
				MTL_ENABLE_DEBUG_INFO = NO;
				MTL_FAST_MATH = YES;
				SDKROOT = iphoneos;
				SWIFT_COMPILATION_MODE = wholemodule;
				SWIFT_OPTIMIZATION_LEVEL = "-O";
				VALIDATE_PRODUCT = YES;
			};
			name = Release;
		};
		C7692EDD27F8D085007831FC /* Debug */ = {
			isa = XCBuildConfiguration;
			baseConfigurationReference = CCF1E0F6CB5ADCD52678CE78 /* Pods-CovidPass.debug.xcconfig */;
			buildSettings = {
				ASSETCATALOG_COMPILER_APPICON_NAME = AppIcon;
				ASSETCATALOG_COMPILER_GLOBAL_ACCENT_COLOR_NAME = AccentColor;
				CODE_SIGN_STYLE = Automatic;
				CURRENT_PROJECT_VERSION = 1;
				DEVELOPMENT_TEAM = APTKZBPBQJ;
				GENERATE_INFOPLIST_FILE = YES;
				INFOPLIST_FILE = CovidPass/Info.plist;
				INFOPLIST_KEY_NSCameraUsageDescription = "Please allow access to scan QR Code";
				INFOPLIST_KEY_NSPhotoLibraryUsageDescription = "Please allow access to save image";
				INFOPLIST_KEY_UIApplicationSupportsIndirectInputEvents = YES;
				INFOPLIST_KEY_UILaunchStoryboardName = LaunchScreen;
				INFOPLIST_KEY_UIMainStoryboardFile = Main;
				INFOPLIST_KEY_UISupportedInterfaceOrientations = UIInterfaceOrientationPortrait;
				INFOPLIST_KEY_UISupportedInterfaceOrientations_iPad = "UIInterfaceOrientationPortrait UIInterfaceOrientationPortraitUpsideDown UIInterfaceOrientationLandscapeLeft UIInterfaceOrientationLandscapeRight";
				INFOPLIST_KEY_UISupportedInterfaceOrientations_iPhone = "UIInterfaceOrientationPortrait UIInterfaceOrientationLandscapeLeft UIInterfaceOrientationLandscapeRight";
				LD_RUNPATH_SEARCH_PATHS = (
					"$(inherited)",
					"@executable_path/Frameworks",
				);
				MARKETING_VERSION = 1.0;
				PRODUCT_BUNDLE_IDENTIFIER = com.memo.CovidPass;
				PRODUCT_NAME = "$(TARGET_NAME)";
				SWIFT_EMIT_LOC_STRINGS = YES;
				SWIFT_VERSION = 5.0;
				TARGETED_DEVICE_FAMILY = "1,2";
			};
			name = Debug;
		};
		C7692EDE27F8D085007831FC /* Release */ = {
			isa = XCBuildConfiguration;
			baseConfigurationReference = 3B1CD89A55D81EC8096539A6 /* Pods-CovidPass.release.xcconfig */;
			buildSettings = {
				ASSETCATALOG_COMPILER_APPICON_NAME = AppIcon;
				ASSETCATALOG_COMPILER_GLOBAL_ACCENT_COLOR_NAME = AccentColor;
				CODE_SIGN_STYLE = Automatic;
				CURRENT_PROJECT_VERSION = 1;
				DEVELOPMENT_TEAM = APTKZBPBQJ;
				GENERATE_INFOPLIST_FILE = YES;
				INFOPLIST_FILE = CovidPass/Info.plist;
				INFOPLIST_KEY_NSCameraUsageDescription = "Please allow access to scan QR Code";
				INFOPLIST_KEY_NSPhotoLibraryUsageDescription = "Please allow access to save image";
				INFOPLIST_KEY_UIApplicationSupportsIndirectInputEvents = YES;
				INFOPLIST_KEY_UILaunchStoryboardName = LaunchScreen;
				INFOPLIST_KEY_UIMainStoryboardFile = Main;
				INFOPLIST_KEY_UISupportedInterfaceOrientations = UIInterfaceOrientationPortrait;
				INFOPLIST_KEY_UISupportedInterfaceOrientations_iPad = "UIInterfaceOrientationPortrait UIInterfaceOrientationPortraitUpsideDown UIInterfaceOrientationLandscapeLeft UIInterfaceOrientationLandscapeRight";
				INFOPLIST_KEY_UISupportedInterfaceOrientations_iPhone = "UIInterfaceOrientationPortrait UIInterfaceOrientationLandscapeLeft UIInterfaceOrientationLandscapeRight";
				LD_RUNPATH_SEARCH_PATHS = (
					"$(inherited)",
					"@executable_path/Frameworks",
				);
				MARKETING_VERSION = 1.0;
				PRODUCT_BUNDLE_IDENTIFIER = com.memo.CovidPass;
				PRODUCT_NAME = "$(TARGET_NAME)";
				SWIFT_EMIT_LOC_STRINGS = YES;
				SWIFT_VERSION = 5.0;
				TARGETED_DEVICE_FAMILY = "1,2";
			};
			name = Release;
		};
		C7692EE027F8D085007831FC /* Debug */ = {
			isa = XCBuildConfiguration;
			baseConfigurationReference = A85EE0F735D47E5726A74E91 /* Pods-CovidPassTests.debug.xcconfig */;
			buildSettings = {
				ALWAYS_EMBED_SWIFT_STANDARD_LIBRARIES = YES;
				BUNDLE_LOADER = "$(TEST_HOST)";
				CODE_SIGN_STYLE = Automatic;
				CURRENT_PROJECT_VERSION = 1;
				DEVELOPMENT_TEAM = 97A6A6Z9V4;
				GENERATE_INFOPLIST_FILE = YES;
				IPHONEOS_DEPLOYMENT_TARGET = 15.2;
				MARKETING_VERSION = 1.0;
				PRODUCT_BUNDLE_IDENTIFIER = covidpass.memo.com.CovidPassTests;
				PRODUCT_NAME = "$(TARGET_NAME)";
				SWIFT_EMIT_LOC_STRINGS = NO;
				SWIFT_VERSION = 5.0;
				TARGETED_DEVICE_FAMILY = "1,2";
				TEST_HOST = "$(BUILT_PRODUCTS_DIR)/CovidPass.app/CovidPass";
			};
			name = Debug;
		};
		C7692EE127F8D085007831FC /* Release */ = {
			isa = XCBuildConfiguration;
			baseConfigurationReference = 69FA0B6656499EE6D9AB2E34 /* Pods-CovidPassTests.release.xcconfig */;
			buildSettings = {
				ALWAYS_EMBED_SWIFT_STANDARD_LIBRARIES = YES;
				BUNDLE_LOADER = "$(TEST_HOST)";
				CODE_SIGN_STYLE = Automatic;
				CURRENT_PROJECT_VERSION = 1;
				DEVELOPMENT_TEAM = 97A6A6Z9V4;
				GENERATE_INFOPLIST_FILE = YES;
				IPHONEOS_DEPLOYMENT_TARGET = 15.2;
				MARKETING_VERSION = 1.0;
				PRODUCT_BUNDLE_IDENTIFIER = covidpass.memo.com.CovidPassTests;
				PRODUCT_NAME = "$(TARGET_NAME)";
				SWIFT_EMIT_LOC_STRINGS = NO;
				SWIFT_VERSION = 5.0;
				TARGETED_DEVICE_FAMILY = "1,2";
				TEST_HOST = "$(BUILT_PRODUCTS_DIR)/CovidPass.app/CovidPass";
			};
			name = Release;
		};
		C7692EE327F8D085007831FC /* Debug */ = {
			isa = XCBuildConfiguration;
			baseConfigurationReference = 2B0A048A50BBF5381828F4EF /* Pods-CovidPass-CovidPassUITests.debug.xcconfig */;
			buildSettings = {
				ALWAYS_EMBED_SWIFT_STANDARD_LIBRARIES = YES;
				CODE_SIGN_STYLE = Automatic;
				CURRENT_PROJECT_VERSION = 1;
				DEVELOPMENT_TEAM = 97A6A6Z9V4;
				GENERATE_INFOPLIST_FILE = YES;
				MARKETING_VERSION = 1.0;
				PRODUCT_BUNDLE_IDENTIFIER = covidpass.memo.com.CovidPassUITests;
				PRODUCT_NAME = "$(TARGET_NAME)";
				SWIFT_EMIT_LOC_STRINGS = NO;
				SWIFT_VERSION = 5.0;
				TARGETED_DEVICE_FAMILY = "1,2";
				TEST_TARGET_NAME = CovidPass;
			};
			name = Debug;
		};
		C7692EE427F8D085007831FC /* Release */ = {
			isa = XCBuildConfiguration;
			baseConfigurationReference = FB3DC35BED2C23417AA0B869 /* Pods-CovidPass-CovidPassUITests.release.xcconfig */;
			buildSettings = {
				ALWAYS_EMBED_SWIFT_STANDARD_LIBRARIES = YES;
				CODE_SIGN_STYLE = Automatic;
				CURRENT_PROJECT_VERSION = 1;
				DEVELOPMENT_TEAM = 97A6A6Z9V4;
				GENERATE_INFOPLIST_FILE = YES;
				MARKETING_VERSION = 1.0;
				PRODUCT_BUNDLE_IDENTIFIER = covidpass.memo.com.CovidPassUITests;
				PRODUCT_NAME = "$(TARGET_NAME)";
				SWIFT_EMIT_LOC_STRINGS = NO;
				SWIFT_VERSION = 5.0;
				TARGETED_DEVICE_FAMILY = "1,2";
				TEST_TARGET_NAME = CovidPass;
			};
			name = Release;
		};
/* End XCBuildConfiguration section */

/* Begin XCConfigurationList section */
		C7692EAD27F8D081007831FC /* Build configuration list for PBXProject "CovidPass" */ = {
			isa = XCConfigurationList;
			buildConfigurations = (
				C7692EDA27F8D085007831FC /* Debug */,
				C7692EDB27F8D085007831FC /* Release */,
			);
			defaultConfigurationIsVisible = 0;
			defaultConfigurationName = Release;
		};
		C7692EDC27F8D085007831FC /* Build configuration list for PBXNativeTarget "CovidPass" */ = {
			isa = XCConfigurationList;
			buildConfigurations = (
				C7692EDD27F8D085007831FC /* Debug */,
				C7692EDE27F8D085007831FC /* Release */,
			);
			defaultConfigurationIsVisible = 0;
			defaultConfigurationName = Release;
		};
		C7692EDF27F8D085007831FC /* Build configuration list for PBXNativeTarget "CovidPassTests" */ = {
			isa = XCConfigurationList;
			buildConfigurations = (
				C7692EE027F8D085007831FC /* Debug */,
				C7692EE127F8D085007831FC /* Release */,
			);
			defaultConfigurationIsVisible = 0;
			defaultConfigurationName = Release;
		};
		C7692EE227F8D085007831FC /* Build configuration list for PBXNativeTarget "CovidPassUITests" */ = {
			isa = XCConfigurationList;
			buildConfigurations = (
				C7692EE327F8D085007831FC /* Debug */,
				C7692EE427F8D085007831FC /* Release */,
			);
			defaultConfigurationIsVisible = 0;
			defaultConfigurationName = Release;
		};
/* End XCConfigurationList section */

/* Begin XCRemoteSwiftPackageReference section */
		C787EA52280B4AEA00A8807A /* XCRemoteSwiftPackageReference "CodeScanner" */ = {
			isa = XCRemoteSwiftPackageReference;
			repositoryURL = "https://github.com/twostraws/CodeScanner";
			requirement = {
				kind = upToNextMajorVersion;
				minimumVersion = 2.0.0;
			};
		};
/* End XCRemoteSwiftPackageReference section */

/* Begin XCSwiftPackageProductDependency section */
		C787EA53280B4AEA00A8807A /* CodeScanner */ = {
			isa = XCSwiftPackageProductDependency;
			package = C787EA52280B4AEA00A8807A /* XCRemoteSwiftPackageReference "CodeScanner" */;
			productName = CodeScanner;
		};
/* End XCSwiftPackageProductDependency section */
	};
	rootObject = C7692EAA27F8D081007831FC /* Project object */;
}
